
Microsoft Visual Studio Solution File, Format Version 12.00
# Visual Studio Version 17
VisualStudioVersion = 17.3.32811.315
MinimumVisualStudioVersion = 10.0.40219.1
Project("{9A19103F-16F7-4668-BE54-9A1E7A4F7556}") = "WarspearSite", "WarspearSite\WarspearSite.csproj", "{DFF5CD7B-CBF6-47AF-8913-E9059E6136DE}"
EndProject
Project("{9A19103F-16F7-4668-BE54-9A1E7A4F7556}") = "WarspesrSite.Data", "WarspesrSite.Data\WarspesrSite.Data.csproj", "{72D4F213-688B-4648-8DF9-260FDF65D0CB}"
EndProject
Project("{9A19103F-16F7-4668-BE54-9A1E7A4F7556}") = "WarspearSite.DataAccess", "WarspearSite.DataAccess\WarspearSite.DataAccess.csproj", "{DBED1BFF-BA4E-4112-B2A9-9DD17F0CA608}"
EndProject
Project("{9A19103F-16F7-4668-BE54-9A1E7A4F7556}") = "WarspearSite.Core", "WarspearSite.Core\WarspearSite.Core.csproj", "{6AA49CCB-F899-4596-84F6-B049CA9D8C5A}"
EndProject
Project("{9A19103F-16F7-4668-BE54-9A1E7A4F7556}") = "WarspearSite.Domain", "WarspearSite.Domain\WarspearSite.Domain.csproj", "{350E8143-176A-45BD-BCAA-7F5FA4BD86C9}"
EndProject
Project("{2150E333-8FDC-42A3-9474-1A3956D46DE8}") = "Элементы решения", "Элементы решения", "{95EA3416-DD3D-491D-8B45-36FD8973DBB2}"
	ProjectSection(SolutionItems) = preProject
		health.json = health.json
	EndProjectSection
EndProject
Global
	GlobalSection(SolutionConfigurationPlatforms) = preSolution
		Debug|Any CPU = Debug|Any CPU
		Release|Any CPU = Release|Any CPU
	EndGlobalSection
	GlobalSection(ProjectConfigurationPlatforms) = postSolution
		{DFF5CD7B-CBF6-47AF-8913-E9059E6136DE}.Debug|Any CPU.ActiveCfg = Debug|Any CPU
		{DFF5CD7B-CBF6-47AF-8913-E9059E6136DE}.Debug|Any CPU.Build.0 = Debug|Any CPU
		{DFF5CD7B-CBF6-47AF-8913-E9059E6136DE}.Release|Any CPU.ActiveCfg = Release|Any CPU
		{DFF5CD7B-CBF6-47AF-8913-E9059E6136DE}.Release|Any CPU.Build.0 = Release|Any CPU
		{72D4F213-688B-4648-8DF9-260FDF65D0CB}.Debug|Any CPU.ActiveCfg = Debug|Any CPU
		{72D4F213-688B-4648-8DF9-260FDF65D0CB}.Debug|Any CPU.Build.0 = Debug|Any CPU
		{72D4F213-688B-4648-8DF9-260FDF65D0CB}.Release|Any CPU.ActiveCfg = Release|Any CPU
		{72D4F213-688B-4648-8DF9-260FDF65D0CB}.Release|Any CPU.Build.0 = Release|Any CPU
		{DBED1BFF-BA4E-4112-B2A9-9DD17F0CA608}.Debug|Any CPU.ActiveCfg = Debug|Any CPU
		{DBED1BFF-BA4E-4112-B2A9-9DD17F0CA608}.Debug|Any CPU.Build.0 = Debug|Any CPU
		{DBED1BFF-BA4E-4112-B2A9-9DD17F0CA608}.Release|Any CPU.ActiveCfg = Release|Any CPU
		{DBED1BFF-BA4E-4112-B2A9-9DD17F0CA608}.Release|Any CPU.Build.0 = Release|Any CPU
		{6AA49CCB-F899-4596-84F6-B049CA9D8C5A}.Debug|Any CPU.ActiveCfg = Debug|Any CPU
		{6AA49CCB-F899-4596-84F6-B049CA9D8C5A}.Debug|Any CPU.Build.0 = Debug|Any CPU
		{6AA49CCB-F899-4596-84F6-B049CA9D8C5A}.Release|Any CPU.ActiveCfg = Release|Any CPU
		{6AA49CCB-F899-4596-84F6-B049CA9D8C5A}.Release|Any CPU.Build.0 = Release|Any CPU
		{350E8143-176A-45BD-BCAA-7F5FA4BD86C9}.Debug|Any CPU.ActiveCfg = Debug|Any CPU
		{350E8143-176A-45BD-BCAA-7F5FA4BD86C9}.Debug|Any CPU.Build.0 = Debug|Any CPU
		{350E8143-176A-45BD-BCAA-7F5FA4BD86C9}.Release|Any CPU.ActiveCfg = Release|Any CPU
		{350E8143-176A-45BD-BCAA-7F5FA4BD86C9}.Release|Any CPU.Build.0 = Release|Any CPU
	EndGlobalSection
	GlobalSection(SolutionProperties) = preSolution
		HideSolutionNode = FALSE
	EndGlobalSection
	GlobalSection(ExtensibilityGlobals) = postSolution
		SolutionGuid = {5B5531BA-1CF3-4DE1-8B81-3E966CE2FEC7}
	EndGlobalSection
EndGlobal
